
Microsoft Visual Studio Solution File, Format Version 12.00
# Visual Studio 15
VisualStudioVersion = 15.0.28307.902
MinimumVisualStudioVersion = 10.0.40219.1
Project("{FAE04EC0-301F-11D3-BF4B-00C04F79EFBC}") = "AccentureAcademy.Clase9.Demo", "AccentureAcademy.Clase9.Demo\AccentureAcademy.Clase9.Demo.csproj", "{7480E0AF-1191-4EB2-8579-7448B03FB803}"
EndProject
Global
	GlobalSection(SolutionConfigurationPlatforms) = preSolution
		Debug|Any CPU = Debug|Any CPU
		Release|Any CPU = Release|Any CPU
	EndGlobalSection
	GlobalSection(ProjectConfigurationPlatforms) = postSolution
		{7480E0AF-1191-4EB2-8579-7448B03FB803}.Debug|Any CPU.ActiveCfg = Debug|Any CPU
		{7480E0AF-1191-4EB2-8579-7448B03FB803}.Debug|Any CPU.Build.0 = Debug|Any CPU
		{7480E0AF-1191-4EB2-8579-7448B03FB803}.Release|Any CPU.ActiveCfg = Release|Any CPU
		{7480E0AF-1191-4EB2-8579-7448B03FB803}.Release|Any CPU.Build.0 = Release|Any CPU
	EndGlobalSection
	GlobalSection(SolutionProperties) = preSolution
		HideSolutionNode = FALSE
	EndGlobalSection
	GlobalSection(ExtensibilityGlobals) = postSolution
		SolutionGuid = {AAC66033-C222-40A0-8F47-FD621641C35E}
	EndGlobalSection
EndGlobal
