
Microsoft Visual Studio Solution File, Format Version 12.00
# Visual Studio 15
VisualStudioVersion = 15.0.28307.902
MinimumVisualStudioVersion = 10.0.40219.1
Project("{FAE04EC0-301F-11D3-BF4B-00C04F79EFBC}") = "AccentureAcademy.SqlDemo", "AccentureAcademy.SqlDemo\AccentureAcademy.SqlDemo.csproj", "{43579D7C-7535-4F9A-BE01-5568C9A07675}"
EndProject
Global
	GlobalSection(SolutionConfigurationPlatforms) = preSolution
		Debug|Any CPU = Debug|Any CPU
		Release|Any CPU = Release|Any CPU
	EndGlobalSection
	GlobalSection(ProjectConfigurationPlatforms) = postSolution
		{43579D7C-7535-4F9A-BE01-5568C9A07675}.Debug|Any CPU.ActiveCfg = Debug|Any CPU
		{43579D7C-7535-4F9A-BE01-5568C9A07675}.Debug|Any CPU.Build.0 = Debug|Any CPU
		{43579D7C-7535-4F9A-BE01-5568C9A07675}.Release|Any CPU.ActiveCfg = Release|Any CPU
		{43579D7C-7535-4F9A-BE01-5568C9A07675}.Release|Any CPU.Build.0 = Release|Any CPU
	EndGlobalSection
	GlobalSection(SolutionProperties) = preSolution
		HideSolutionNode = FALSE
	EndGlobalSection
	GlobalSection(ExtensibilityGlobals) = postSolution
		SolutionGuid = {525C6D77-A2BC-4C58-B905-004CF7C565F2}
	EndGlobalSection
EndGlobal
