
Microsoft Visual Studio Solution File, Format Version 12.00
# Visual Studio 15
VisualStudioVersion = 15.0.28307.902
MinimumVisualStudioVersion = 10.0.40219.1
Project("{FAE04EC0-301F-11D3-BF4B-00C04F79EFBC}") = "AccentureAcademy.MovieApp", "AccentureAcademy.MovieApp\AccentureAcademy.MovieApp.csproj", "{89F07692-C3D9-4C43-8B8F-74811D8AC808}"
EndProject
Global
	GlobalSection(SolutionConfigurationPlatforms) = preSolution
		Debug|Any CPU = Debug|Any CPU
		Release|Any CPU = Release|Any CPU
	EndGlobalSection
	GlobalSection(ProjectConfigurationPlatforms) = postSolution
		{89F07692-C3D9-4C43-8B8F-74811D8AC808}.Debug|Any CPU.ActiveCfg = Debug|Any CPU
		{89F07692-C3D9-4C43-8B8F-74811D8AC808}.Debug|Any CPU.Build.0 = Debug|Any CPU
		{89F07692-C3D9-4C43-8B8F-74811D8AC808}.Release|Any CPU.ActiveCfg = Release|Any CPU
		{89F07692-C3D9-4C43-8B8F-74811D8AC808}.Release|Any CPU.Build.0 = Release|Any CPU
	EndGlobalSection
	GlobalSection(SolutionProperties) = preSolution
		HideSolutionNode = FALSE
	EndGlobalSection
	GlobalSection(ExtensibilityGlobals) = postSolution
		SolutionGuid = {E5135056-F945-462C-A752-1E6CA351E5E8}
	EndGlobalSection
EndGlobal
